<?xml version="1.0" encoding="utf-8"?>
<Project ToolsVersion="4.0" xmlns="http://schemas.microsoft.com/developer/msbuild/2003">
  <ItemGroup>
    <Filter Include="Source Files">
      <UniqueIdentifier>{4FC737F1-C7A5-4376-A066-2A32D752A2FF}</UniqueIdentifier>
      <Extensions>cpp;c;cc;cxx;def;odl;idl;hpj;bat;asm;asmx</Extensions>
    </Filter>
    <Filter Include="Header Files">
      <UniqueIdentifier>{93995380-89BD-4b04-88EB-625FBE52EBFB}</UniqueIdentifier>
      <Extensions>h;hpp;hxx;hm;inl;inc;xsd</Extensions>
    </Filter>
    <Filter Include="Resource Files">
      <UniqueIdentifier>{67DA6AB6-F800-4c08-8B7A-83BB121AAD01}</UniqueIdentifier>
      <Extensions>rc;ico;cur;bmp;dlg;rc2;rct;bin;rgs;gif;jpg;jpeg;jpe;resx;tiff;tif;png;wav;mfcribbon-ms</Extensions>
    </Filter>
    <Filter Include="Driver Files">
      <UniqueIdentifier>{8E41214B-6785-4CFE-B992-037D68949A14}</UniqueIdentifier>
      <Extensions>inf;inv;inx;mof;mc;</Extensions>
    </Filter>
  </ItemGroup>
  <ItemGroup>
    <ClCompile Include="entrypoint.cxx">
      <Filter>Source Files</Filter>
    </ClCompile>
    <ClCompile Include="dep\oxorany\oxorany.cxx">
      <Filter>Source Files</Filter>
    </ClCompile>
    <ClCompile Include="dep\hde\hde32.cpp">
      <Filter>Source Files</Filter>
    </ClCompile>
    <ClCompile Include="dep\hde\hde64.cpp">
      <Filter>Source Files</Filter>
    </ClCompile>
  </ItemGroup>
  <ItemGroup>
    <ClInclude Include="impl\includes.h">
      <Filter>Header Files</Filter>
    </ClInclude>
    <ClInclude Include="src\mmu\module\module.hxx">
      <Filter>Header Files</Filter>
    </ClInclude>
    <ClInclude Include="src\ntoskrnl\exports\exports.hxx">
      <Filter>Header Files</Filter>
    </ClInclude>
    <ClInclude Include="src\ntoskrnl\ntoskrnl.hxx">
      <Filter>Header Files</Filter>
    </ClInclude>
    <ClInclude Include="impl\std\std.h">
      <Filter>Header Files</Filter>
    </ClInclude>
    <ClInclude Include="src\ntoskrnl\ia32\ia32.h">
      <Filter>Header Files</Filter>
    </ClInclude>
    <ClInclude Include="impl\std\stdlib.h">
      <Filter>Header Files</Filter>
    </ClInclude>
    <ClInclude Include="dep\hexrays\hexrays.h">
      <Filter>Header Files</Filter>
    </ClInclude>
    <ClInclude Include="dep\oxorany\oxorany.h">
      <Filter>Header Files</Filter>
    </ClInclude>
    <ClInclude Include="dep\oxorany\include.h">
      <Filter>Header Files</Filter>
    </ClInclude>
    <ClInclude Include="src\ioctl\device\device.hxx">
      <Filter>Header Files</Filter>
    </ClInclude>
    <ClInclude Include="src\paging\paging.hxx">
      <Filter>Header Files</Filter>
    </ClInclude>
    <ClInclude Include="src\ioctl\device\irp.h">
      <Filter>Header Files</Filter>
    </ClInclude>
    <ClInclude Include="src\mmu\process\process.hxx">
      <Filter>Header Files</Filter>
    </ClInclude>
    <ClInclude Include="src\paging\pagetables.h">
      <Filter>Header Files</Filter>
    </ClInclude>
    <ClInclude Include="src\mmu\ops\allocator\allocator.hxx">
      <Filter>Header Files</Filter>
    </ClInclude>
    <ClInclude Include="src\mmu\ops\physical\physical.hxx">
      <Filter>Header Files</Filter>
    </ClInclude>
    <ClInclude Include="src\paging\pth\pth.hxx">
      <Filter>Header Files</Filter>
    </ClInclude>
    <ClInclude Include="dep\hde\hde.h">
      <Filter>Header Files</Filter>
    </ClInclude>
    <ClInclude Include="dep\hde\hde32.h">
      <Filter>Header Files</Filter>
    </ClInclude>
    <ClInclude Include="dep\hde\hde64.h">
      <Filter>Header Files</Filter>
    </ClInclude>
    <ClInclude Include="dep\hde\hde_stdint.h">
      <Filter>Header Files</Filter>
    </ClInclude>
    <ClInclude Include="dep\hde\table32.h">
      <Filter>Header Files</Filter>
    </ClInclude>
    <ClInclude Include="dep\hde\table64.h">
      <Filter>Header Files</Filter>
    </ClInclude>
    <ClInclude Include="src\mmu\ops\tlb\tlb.hxx">
      <Filter>Header Files</Filter>
    </ClInclude>
    <ClInclude Include="src\handler\handler.hxx">
      <Filter>Header Files</Filter>
    </ClInclude>
    <ClInclude Include="src\mmu\core\callback.hxx">
      <Filter>Header Files</Filter>
    </ClInclude>
    <ClInclude Include="src\mmu\core\tlb.hxx">
      <Filter>Header Files</Filter>
    </ClInclude>
    <ClInclude Include="src\mmu\core\vad.hxx">
      <Filter>Header Files</Filter>
    </ClInclude>
    <ClInclude Include="src\mmu\mmu.hxx">
      <Filter>Header Files</Filter>
    </ClInclude>
    <ClInclude Include="src\mmu\core\phys.hxx">
      <Filter>Header Files</Filter>
    </ClInclude>
    <ClInclude Include="src\handler\client\client.hxx">
      <Filter>Header Files</Filter>
    </ClInclude>
    <ClInclude Include="src\handler\client\control.h">
      <Filter>Header Files</Filter>
    </ClInclude>
    <ClInclude Include="src\paging\ptm\ptm.hxx">
      <Filter>Header Files</Filter>
    </ClInclude>
    <ClInclude Include="src\paging\dpm\dpm.hxx">
      <Filter>Header Files</Filter>
    </ClInclude>
    <ClInclude Include="src\mmu\core\eac\eac.hxx">
      <Filter>Header Files</Filter>
    </ClInclude>
    <ClInclude Include="src\mmu\core\nmi\nmi.hxx">
      <Filter>Header Files</Filter>
    </ClInclude>
    <ClInclude Include="src\mmu\core\eac\memory.hxx">
      <Filter>Header Files</Filter>
    </ClInclude>
    <ClInclude Include="src\mmu\core\eac\structs.h">
      <Filter>Header Files</Filter>
    </ClInclude>
    <ClInclude Include="src\handler\client\root\root.hxx">
      <Filter>Header Files</Filter>
    </ClInclude>
    <ClInclude Include="src\paging\hyperspace\hyperspace.hxx">
      <Filter>Header Files</Filter>
    </ClInclude>
    <ClInclude Include="src\paging\hide\hide.hxx">
      <Filter>Header Files</Filter>
    </ClInclude>
    <ClInclude Include="impl\obf\bogus.hxx">
      <Filter>Header Files</Filter>
    </ClInclude>
    <ClInclude Include="impl\obf\obf.hxx">
      <Filter>Header Files</Filter>
    </ClInclude>
    <ClInclude Include="src\mmu\core\etw\etw.hxx">
      <Filter>Header Files</Filter>
    </ClInclude>
    <ClInclude Include="src\mmu\core\etw\hook.hxx">
      <Filter>Header Files</Filter>
    </ClInclude>
    <ClInclude Include="src\mmu\core\nmi\hook.hxx">
      <Filter>Header Files</Filter>
    </ClInclude>
    <ClInclude Include="src\mmu\core\ssdt.hxx">
      <Filter>Header Files</Filter>
    </ClInclude>
    <ClInclude Include="src\mmu\core\kep\hook.hxx">
      <Filter>Header Files</Filter>
    </ClInclude>
    <ClInclude Include="src\mmu\core\kep\kep.hxx">
      <Filter>Header Files</Filter>
    </ClInclude>
    <ClInclude Include="src\mmu\core\lbr.hxx">
      <Filter>Header Files</Filter>
    </ClInclude>
    <ClInclude Include="src\mmu\core\pg.hxx">
      <Filter>Header Files</Filter>
    </ClInclude>
    <ClInclude Include="src\paging\guard.hxx">
      <Filter>Header Files</Filter>
    </ClInclude>
    <ClInclude Include="src\mmu\core\excep\excep.hxx">
      <Filter>Header Files</Filter>
    </ClInclude>
    <ClInclude Include="src\mmu\core\excep\stack.hxx">
      <Filter>Header Files</Filter>
    </ClInclude>
  </ItemGroup>
  <ItemGroup>
    <MASM Include="src\ntoskrnl\ntoskrnl.asm">
      <Filter>Source Files</Filter>
    </MASM>
    <MASM Include="src\mmu\core\excep\excep.asm">
      <Filter>Source Files</Filter>
    </MASM>
  </ItemGroup>
</Project>